
Microsoft Visual Studio Solution File, Format Version 12.00
# Visual Studio Version 16
VisualStudioVersion = 16.0.30225.117
MinimumVisualStudioVersion = 10.0.40219.1
Project("{8BC9CEB8-8B4A-11D0-8D11-00A0C91BC942}") = "OpenMP_Project", "OpenMP_Project.vcxproj", "{4380DC41-3E13-4AA9-9915-757E34A972A5}"
EndProject
Global
	GlobalSection(SolutionConfigurationPlatforms) = preSolution
		Debug|x64 = Debug|x64
		Debug|x86 = Debug|x86
		Release|x64 = Release|x64
		Release|x86 = Release|x86
	EndGlobalSection
	GlobalSection(ProjectConfigurationPlatforms) = postSolution
		{4380DC41-3E13-4AA9-9915-757E34A972A5}.Debug|x64.ActiveCfg = Debug|x64
		{4380DC41-3E13-4AA9-9915-757E34A972A5}.Debug|x64.Build.0 = Debug|x64
		{4380DC41-3E13-4AA9-9915-757E34A972A5}.Debug|x86.ActiveCfg = Debug|Win32
		{4380DC41-3E13-4AA9-9915-757E34A972A5}.Debug|x86.Build.0 = Debug|Win32
		{4380DC41-3E13-4AA9-9915-757E34A972A5}.Release|x64.ActiveCfg = Release|x64
		{4380DC41-3E13-4AA9-9915-757E34A972A5}.Release|x64.Build.0 = Release|x64
		{4380DC41-3E13-4AA9-9915-757E34A972A5}.Release|x86.ActiveCfg = Release|Win32
		{4380DC41-3E13-4AA9-9915-757E34A972A5}.Release|x86.Build.0 = Release|Win32
	EndGlobalSection
	GlobalSection(SolutionProperties) = preSolution
		HideSolutionNode = FALSE
	EndGlobalSection
	GlobalSection(ExtensibilityGlobals) = postSolution
		SolutionGuid = {F1AD3DCC-5CC1-4706-BE8B-10A079D810EE}
	EndGlobalSection
EndGlobal
